
Microsoft Visual Studio Solution File, Format Version 12.00
# Visual Studio Version 17
VisualStudioVersion = 17.0.31903.59
MinimumVisualStudioVersion = 10.0.40219.1
Project("{F2A71F9B-5D33-465A-A702-920D77279786}") = "Example", "Example\Example.fsproj", "{0006240F-EC20-46DC-B69F-000177520F1B}"
EndProject
Project("{F2A71F9B-5D33-465A-A702-920D77279786}") = "AsJavascriptLib", "AsJavascriptLib\AsJavascriptLib.fsproj", "{2A79F44B-02A4-484C-BE84-ECC9CFD3EA49}"
EndProject
Project("{F2A71F9B-5D33-465A-A702-920D77279786}") = "ProxyProject", "ProxyProject\ProxyProject.fsproj", "{B64693E7-387D-4ADF-A2BB-2B825D0B3C4F}"
EndProject
Global
	GlobalSection(SolutionConfigurationPlatforms) = preSolution
		Debug|Any CPU = Debug|Any CPU
		Release|Any CPU = Release|Any CPU
	EndGlobalSection
	GlobalSection(SolutionProperties) = preSolution
		HideSolutionNode = FALSE
	EndGlobalSection
	GlobalSection(ProjectConfigurationPlatforms) = postSolution
		{0006240F-EC20-46DC-B69F-000177520F1B}.Debug|Any CPU.ActiveCfg = Debug|Any CPU
		{0006240F-EC20-46DC-B69F-000177520F1B}.Debug|Any CPU.Build.0 = Debug|Any CPU
		{0006240F-EC20-46DC-B69F-000177520F1B}.Release|Any CPU.ActiveCfg = Release|Any CPU
		{0006240F-EC20-46DC-B69F-000177520F1B}.Release|Any CPU.Build.0 = Release|Any CPU
		{2A79F44B-02A4-484C-BE84-ECC9CFD3EA49}.Debug|Any CPU.ActiveCfg = Debug|Any CPU
		{2A79F44B-02A4-484C-BE84-ECC9CFD3EA49}.Debug|Any CPU.Build.0 = Debug|Any CPU
		{2A79F44B-02A4-484C-BE84-ECC9CFD3EA49}.Release|Any CPU.ActiveCfg = Release|Any CPU
		{2A79F44B-02A4-484C-BE84-ECC9CFD3EA49}.Release|Any CPU.Build.0 = Release|Any CPU
		{B64693E7-387D-4ADF-A2BB-2B825D0B3C4F}.Debug|Any CPU.ActiveCfg = Debug|Any CPU
		{B64693E7-387D-4ADF-A2BB-2B825D0B3C4F}.Debug|Any CPU.Build.0 = Debug|Any CPU
		{B64693E7-387D-4ADF-A2BB-2B825D0B3C4F}.Release|Any CPU.ActiveCfg = Release|Any CPU
		{B64693E7-387D-4ADF-A2BB-2B825D0B3C4F}.Release|Any CPU.Build.0 = Release|Any CPU
	EndGlobalSection
EndGlobal
